// !$*UTF8*$!
{
	archiveVersion = 1;
	classes = {
	};
	objectVersion = 46;
	objects = {

/* Begin PBXBuildFile section */
		52A2AC571D1301B5004B9B2F /* main.m in Sources */ = {isa = PBXBuildFile; fileRef = 52A2AC561D1301B5004B9B2F /* main.m */; };
		52A2AC5A1D1301B5004B9B2F /* AppDelegate.m in Sources */ = {isa = PBXBuildFile; fileRef = 52A2AC591D1301B5004B9B2F /* AppDelegate.m */; };
		52A2AC5D1D1301B5004B9B2F /* ViewController.m in Sources */ = {isa = PBXBuildFile; fileRef = 52A2AC5C1D1301B5004B9B2F /* ViewController.m */; };
		52A2AC601D1301B5004B9B2F /* Main.storyboard in Resources */ = {isa = PBXBuildFile; fileRef = 52A2AC5E1D1301B5004B9B2F /* Main.storyboard */; };
		52A2AC621D1301B5004B9B2F /* Assets.xcassets in Resources */ = {isa = PBXBuildFile; fileRef = 52A2AC611D1301B5004B9B2F /* Assets.xcassets */; };
		52A2AC651D1301B5004B9B2F /* LaunchScreen.storyboard in Resources */ = {isa = PBXBuildFile; fileRef = 52A2AC631D1301B5004B9B2F /* LaunchScreen.storyboard */; };
/* End PBXBuildFile section */

/* Begin PBXFileReference section */
		52A2AC521D1301B5004B9B2F /* GriffonSolarApp.app */ = {isa = PBXFileReference; explicitFileType = wrapper.application; includeInIndex = 0; path = GriffonSolarApp.app; sourceTree = BUILT_PRODUCTS_DIR; };
		52A2AC561D1301B5004B9B2F /* main.m */ = {isa = PBXFileReference; lastKnownFileType = sourcecode.c.objc; path = main.m; sourceTree = "<group>"; };
		52A2AC581D1301B5004B9B2F /* AppDelegate.h */ = {isa = PBXFileReference; lastKnownFileType = sourcecode.c.h; path = AppDelegate.h; sourceTree = "<group>"; };
		52A2AC591D1301B5004B9B2F /* AppDelegate.m */ = {isa = PBXFileReference; lastKnownFileType = sourcecode.c.objc; path = AppDelegate.m; sourceTree = "<group>"; };
		52A2AC5B1D1301B5004B9B2F /* ViewController.h */ = {isa = PBXFileReference; lastKnownFileType = sourcecode.c.h; path = ViewController.h; sourceTree = "<group>"; };
		52A2AC5C1D1301B5004B9B2F /* ViewController.m */ = {isa = PBXFileReference; lastKnownFileType = sourcecode.c.objc; path = ViewController.m; sourceTree = "<group>"; };
		52A2AC5F1D1301B5004B9B2F /* Base */ = {isa = PBXFileReference; lastKnownFileType = file.storyboard; name = Base; path = Base.lproj/Main.storyboard; sourceTree = "<group>"; };
		52A2AC611D1301B5004B9B2F /* Assets.xcassets */ = {isa = PBXFileReference; lastKnownFileType = folder.assetcatalog; path = Assets.xcassets; sourceTree = "<group>"; };
		52A2AC641D1301B5004B9B2F /* Base */ = {isa = PBXFileReference; lastKnownFileType = file.storyboard; name = Base; path = Base.lproj/LaunchScreen.storyboard; sourceTree = "<group>"; };
		52A2AC661D1301B5004B9B2F /* Info.plist */ = {isa = PBXFileReference; lastKnownFileType = text.plist.xml; path = Info.plist; sourceTree = "<group>"; };
/* End PBXFileReference section */

/* Begin PBXFrameworksBuildPhase section */
		52A2AC4F1D1301B5004B9B2F /* Frameworks */ = {
			isa = PBXFrameworksBuildPhase;
			buildActionMask = 2147483647;
			files = (
			);
			runOnlyForDeploymentPostprocessing = 0;
		};
/* End PBXFrameworksBuildPhase section */

/* Begin PBXGroup section */
		52A2AC491D1301B5004B9B2F = {
			isa = PBXGroup;
			children = (
				52A2AC541D1301B5004B9B2F /* GriffonSolarApp */,
				52A2AC531D1301B5004B9B2F /* Products */,
			);
			sourceTree = "<group>";
		};
		52A2AC531D1301B5004B9B2F /* Products */ = {
			isa = PBXGroup;
			children = (
				52A2AC521D1301B5004B9B2F /* GriffonSolarApp.app */,
			);
			name = Products;
			sourceTree = "<group>";
		};
		52A2AC541D1301B5004B9B2F /* GriffonSolarApp */ = {
			isa = PBXGroup;
			children = (
				52A2AC581D1301B5004B9B2F /* AppDelegate.h */,
				52A2AC591D1301B5004B9B2F /* AppDelegate.m */,
				52A2AC5B1D1301B5004B9B2F /* ViewController.h */,
				52A2AC5C1D1301B5004B9B2F /* ViewController.m */,
				52A2AC5E1D1301B5004B9B2F /* Main.storyboard */,
				52A2AC611D1301B5004B9B2F /* Assets.xcassets */,
				52A2AC631D1301B5004B9B2F /* LaunchScreen.storyboard */,
				52A2AC661D1301B5004B9B2F /* Info.plist */,
				52A2AC551D1301B5004B9B2F /* Supporting Files */,
			);
			path = GriffonSolarApp;
			sourceTree = "<group>";
		};
		52A2AC551D1301B5004B9B2F /* Supporting Files */ = {
			isa = PBXGroup;
			children = (
				52A2AC561D1301B5004B9B2F /* main.m */,
			);
			name = "Supporting Files";
			sourceTree = "<group>";
		};
/* End PBXGroup section */

/* Begin PBXNativeTarget section */
		52A2AC511D1301B5004B9B2F /* GriffonSolarApp */ = {
			isa = PBXNativeTarget;
			buildConfigurationList = 52A2AC691D1301B5004B9B2F /* Build configuration list for PBXNativeTarget "GriffonSolarApp" */;
			buildPhases = (
				52A2AC4E1D1301B5004B9B2F /* Sources */,
				52A2AC4F1D1301B5004B9B2F /* Frameworks */,
				52A2AC501D1301B5004B9B2F /* Resources */,
			);
			buildRules = (
			);
			dependencies = (
			);
			name = GriffonSolarApp;
			productName = GriffonSolarApp;
			productReference = 52A2AC521D1301B5004B9B2F /* GriffonSolarApp.app */;
			productType = "com.apple.product-type.application";
		};
/* End PBXNativeTarget section */

/* Begin PBXProject section */
		52A2AC4A1D1301B5004B9B2F /* Project object */ = {
			isa = PBXProject;
			attributes = {
				LastUpgradeCheck = 0730;
				ORGANIZATIONNAME = "Nebojsa Gujanicic";
				TargetAttributes = {
					52A2AC511D1301B5004B9B2F = {
						CreatedOnToolsVersion = 7.3.1;
						DevelopmentTeam = UE3WRJMD6V;
					};
				};
			};
			buildConfigurationList = 52A2AC4D1D1301B5004B9B2F /* Build configuration list for PBXProject "GriffonSolarApp" */;
			compatibilityVersion = "Xcode 3.2";
			developmentRegion = English;
			hasScannedForEncodings = 0;
			knownRegions = (
				en,
				Base,
			);
			mainGroup = 52A2AC491D1301B5004B9B2F;
			productRefGroup = 52A2AC531D1301B5004B9B2F /* Products */;
			projectDirPath = "";
			projectRoot = "";
			targets = (
				52A2AC511D1301B5004B9B2F /* GriffonSolarApp */,
			);
		};
/* End PBXProject section */

/* Begin PBXResourcesBuildPhase section */
		52A2AC501D1301B5004B9B2F /* Resources */ = {
			isa = PBXResourcesBuildPhase;
			buildActionMask = 2147483647;
			files = (
				52A2AC651D1301B5004B9B2F /* LaunchScreen.storyboard in Resources */,
				52A2AC621D1301B5004B9B2F /* Assets.xcassets in Resources */,
				52A2AC601D1301B5004B9B2F /* Main.storyboard in Resources */,
			);
			runOnlyForDeploymentPostprocessing = 0;
		};
/* End PBXResourcesBuildPhase section */

/* Begin PBXSourcesBuildPhase section */
		52A2AC4E1D1301B5004B9B2F /* Sources */ = {
			isa = PBXSourcesBuildPhase;
			buildActionMask = 2147483647;
			files = (
				52A2AC5D1D1301B5004B9B2F /* ViewController.m in Sources */,
				52A2AC5A1D1301B5004B9B2F /* AppDelegate.m in Sources */,
				52A2AC571D1301B5004B9B2F /* main.m in Sources */,
			);
			runOnlyForDeploymentPostprocessing = 0;
		};
/* End PBXSourcesBuildPhase section */

/* Begin PBXVariantGroup section */
		52A2AC5E1D1301B5004B9B2F /* Main.storyboard */ = {
			isa = PBXVariantGroup;
			children = (
				52A2AC5F1D1301B5004B9B2F /* Base */,
			);
			name = Main.storyboard;
			sourceTree = "<group>";
		};
		52A2AC631D1301B5004B9B2F /* LaunchScreen.storyboard */ = {
			isa = PBXVariantGroup;
			children = (
				52A2AC641D1301B5004B9B2F /* Base */,
			);
			name = LaunchScreen.storyboard;
			sourceTree = "<group>";
		};
/* End PBXVariantGroup section */

/* Begin XCBuildConfiguration section */
		52A2AC671D1301B5004B9B2F /* Debug */ = {
			isa = XCBuildConfiguration;
			buildSettings = {
				ALWAYS_SEARCH_USER_PATHS = NO;
				CLANG_ANALYZER_NONNULL = YES;
				CLANG_CXX_LANGUAGE_STANDARD = "gnu++0x";
				CLANG_CXX_LIBRARY = "libc++";
				CLANG_ENABLE_MODULES = YES;
				CLANG_ENABLE_OBJC_ARC = YES;
				CLANG_WARN_BOOL_CONVERSION = YES;
				CLANG_WARN_CONSTANT_CONVERSION = YES;
				CLANG_WARN_DIRECT_OBJC_ISA_USAGE = YES_ERROR;
				CLANG_WARN_EMPTY_BODY = YES;
				CLANG_WARN_ENUM_CONVERSION = YES;
				CLANG_WARN_INT_CONVERSION = YES;
				CLANG_WARN_OBJC_ROOT_CLASS = YES_ERROR;
				CLANG_WARN_UNREACHABLE_CODE = YES;
				CLANG_WARN__DUPLICATE_METHOD_MATCH = YES;
				"CODE_SIGN_IDENTITY[sdk=iphoneos*]" = "iPhone Developer";
				COPY_PHASE_STRIP = NO;
				DEBUG_INFORMATION_FORMAT = dwarf;
				ENABLE_STRICT_OBJC_MSGSEND = YES;
				ENABLE_TESTABILITY = YES;
				GCC_C_LANGUAGE_STANDARD = gnu99;
				GCC_DYNAMIC_NO_PIC = NO;
				GCC_NO_COMMON_BLOCKS = YES;
				GCC_OPTIMIZATION_LEVEL = 0;
				GCC_PREPROCESSOR_DEFINITIONS = (
					"DEBUG=1",
					"$(inherited)",
				);
				GCC_WARN_64_TO_32_BIT_CONVERSION = YES;
				GCC_WARN_ABOUT_RETURN_TYPE = YES_ERROR;
				GCC_WARN_UNDECLARED_SELECTOR = YES;
				GCC_WARN_UNINITIALIZED_AUTOS = YES_AGGRESSIVE;
				GCC_WARN_UNUSED_FUNCTION = YES;
				GCC_WARN_UNUSED_VARIABLE = YES;
				IPHONEOS_DEPLOYMENT_TARGET = 9.3;
				MTL_ENABLE_DEBUG_INFO = YES;
				ONLY_ACTIVE_ARCH = YES;
				SDKROOT = iphoneos;
			};
			name = Debug;
		};
		52A2AC681D1301B5004B9B2F /* Release */ = {
			isa = XCBuildConfiguration;
			buildSettings = {
				ALWAYS_SEARCH_USER_PATHS = NO;
				CLANG_ANALYZER_NONNULL = YES;
				CLANG_CXX_LANGUAGE_STANDARD = "gnu++0x";
				CLANG_CXX_LIBRARY = "libc++";
				CLANG_ENABLE_MODULES = YES;
				CLANG_ENABLE_OBJC_ARC = YES;
				CLANG_WARN_BOOL_CONVERSION = YES;
				CLANG_WARN_CONSTANT_CONVERSION = YES;
				CLANG_WARN_DIRECT_OBJC_ISA_USAGE = YES_ERROR;
				CLANG_WARN_EMPTY_BODY = YES;
				CLANG_WARN_ENUM_CONVERSION = YES;
				CLANG_WARN_INT_CONVERSION = YES;
				CLANG_WARN_OBJC_ROOT_CLASS = YES_ERROR;
				CLANG_WARN_UNREACHABLE_CODE = YES;
				CLANG_WARN__DUPLICATE_METHOD_MATCH = YES;
				"CODE_SIGN_IDENTITY[sdk=iphoneos*]" = "iPhone Developer";
				COPY_PHASE_STRIP = NO;
				DEBUG_INFORMATION_FORMAT = "dwarf-with-dsym";
				ENABLE_NS_ASSERTIONS = NO;
				ENABLE_STRICT_OBJC_MSGSEND = YES;
				GCC_C_LANGUAGE_STANDARD = gnu99;
				GCC_NO_COMMON_BLOCKS = YES;
				GCC_WARN_64_TO_32_BIT_CONVERSION = YES;
				GCC_WARN_ABOUT_RETURN_TYPE = YES_ERROR;
				GCC_WARN_UNDECLARED_SELECTOR = YES;
				GCC_WARN_UNINITIALIZED_AUTOS = YES_AGGRESSIVE;
				GCC_WARN_UNUSED_FUNCTION = YES;
				GCC_WARN_UNUSED_VARIABLE = YES;
				IPHONEOS_DEPLOYMENT_TARGET = 9.3;
				MTL_ENABLE_DEBUG_INFO = NO;
				SDKROOT = iphoneos;
				VALIDATE_PRODUCT = YES;
			};
			name = Release;
		};
		52A2AC6A1D1301B5004B9B2F /* Debug */ = {
			isa = XCBuildConfiguration;
			buildSettings = {
				ASSETCATALOG_COMPILER_APPICON_NAME = AppIcon;
				INFOPLIST_FILE = GriffonSolarApp/Info.plist;
				LD_RUNPATH_SEARCH_PATHS = "$(inherited) @executable_path/Frameworks";
				PRODUCT_BUNDLE_IDENTIFIER = rs.cubes.GriffonSolarApp;
				PRODUCT_NAME = "$(TARGET_NAME)";
			};
			name = Debug;
		};
		52A2AC6B1D1301B5004B9B2F /* Release */ = {
			isa = XCBuildConfiguration;
			buildSettings = {
				ASSETCATALOG_COMPILER_APPICON_NAME = AppIcon;
				INFOPLIST_FILE = GriffonSolarApp/Info.plist;
				LD_RUNPATH_SEARCH_PATHS = "$(inherited) @executable_path/Frameworks";
				PRODUCT_BUNDLE_IDENTIFIER = rs.cubes.GriffonSolarApp;
				PRODUCT_NAME = "$(TARGET_NAME)";
			};
			name = Release;
		};
/* End XCBuildConfiguration section */

/* Begin XCConfigurationList section */
		52A2AC4D1D1301B5004B9B2F /* Build configuration list for PBXProject "GriffonSolarApp" */ = {
			isa = XCConfigurationList;
			buildConfigurations = (
				52A2AC671D1301B5004B9B2F /* Debug */,
				52A2AC681D1301B5004B9B2F /* Release */,
			);
			defaultConfigurationIsVisible = 0;
			defaultConfigurationName = Release;
		};
		52A2AC691D1301B5004B9B2F /* Build configuration list for PBXNativeTarget "GriffonSolarApp" */ = {
			isa = XCConfigurationList;
			buildConfigurations = (
				52A2AC6A1D1301B5004B9B2F /* Debug */,
				52A2AC6B1D1301B5004B9B2F /* Release */,
			);
			defaultConfigurationIsVisible = 0;
		};
/* End XCConfigurationList section */
	};
	rootObject = 52A2AC4A1D1301B5004B9B2F /* Project object */;
}
